
Microsoft Visual Studio Solution File, Format Version 12.00
# Visual Studio Version 16
VisualStudioVersion = 16.0.31019.35
MinimumVisualStudioVersion = 10.0.40219.1
Project("{FAE04EC0-301F-11D3-BF4B-00C04F79EFBC}") = "FilmsStorage", "FilmsStorage\FilmsStorage.csproj", "{8CE9FEE7-B3B1-482A-B413-310C27B76BF7}"
EndProject
Global
	GlobalSection(SolutionConfigurationPlatforms) = preSolution
		Debug|Any CPU = Debug|Any CPU
		Release|Any CPU = Release|Any CPU
	EndGlobalSection
	GlobalSection(ProjectConfigurationPlatforms) = postSolution
		{8CE9FEE7-B3B1-482A-B413-310C27B76BF7}.Debug|Any CPU.ActiveCfg = Debug|Any CPU
		{8CE9FEE7-B3B1-482A-B413-310C27B76BF7}.Debug|Any CPU.Build.0 = Debug|Any CPU
		{8CE9FEE7-B3B1-482A-B413-310C27B76BF7}.Release|Any CPU.ActiveCfg = Release|Any CPU
		{8CE9FEE7-B3B1-482A-B413-310C27B76BF7}.Release|Any CPU.Build.0 = Release|Any CPU
	EndGlobalSection
	GlobalSection(SolutionProperties) = preSolution
		HideSolutionNode = FALSE
	EndGlobalSection
	GlobalSection(ExtensibilityGlobals) = postSolution
		SolutionGuid = {1CF6D40F-EC58-4AAE-8A2B-7AD98D3C1A36}
	EndGlobalSection
EndGlobal
